
Microsoft Visual Studio Solution File, Format Version 12.00
# Visual Studio Version 16
VisualStudioVersion = 16.0.29230.47
MinimumVisualStudioVersion = 10.0.40219.1
Project("{FAE04EC0-301F-11D3-BF4B-00C04F79EFBC}") = "Sistema de POS", "Sistema de POS\Sistema de POS.csproj", "{D6C9D1A7-1D3F-4C28-A76B-FD0C1FF3FB5D}"
EndProject
Global
	GlobalSection(SolutionConfigurationPlatforms) = preSolution
		Debug|Any CPU = Debug|Any CPU
		Release|Any CPU = Release|Any CPU
	EndGlobalSection
	GlobalSection(ProjectConfigurationPlatforms) = postSolution
		{D6C9D1A7-1D3F-4C28-A76B-FD0C1FF3FB5D}.Debug|Any CPU.ActiveCfg = Debug|Any CPU
		{D6C9D1A7-1D3F-4C28-A76B-FD0C1FF3FB5D}.Debug|Any CPU.Build.0 = Debug|Any CPU
		{D6C9D1A7-1D3F-4C28-A76B-FD0C1FF3FB5D}.Release|Any CPU.ActiveCfg = Release|Any CPU
		{D6C9D1A7-1D3F-4C28-A76B-FD0C1FF3FB5D}.Release|Any CPU.Build.0 = Release|Any CPU
	EndGlobalSection
	GlobalSection(SolutionProperties) = preSolution
		HideSolutionNode = FALSE
	EndGlobalSection
	GlobalSection(ExtensibilityGlobals) = postSolution
		SolutionGuid = {B2A8524F-99DF-408B-83CB-C2492E3B5405}
	EndGlobalSection
EndGlobal
